
Microsoft Visual Studio Solution File, Format Version 12.00
# Visual Studio 15
VisualStudioVersion = 15.0.27703.2018
MinimumVisualStudioVersion = 10.0.40219.1
Project("{FAE04EC0-301F-11D3-BF4B-00C04F79EFBC}") = "BeMRCOG", "BeMRCOG\BeMRCOG.csproj", "{0003E91A-0BBC-4738-99E7-9B393FB95020}"
EndProject
Global
	GlobalSection(SolutionConfigurationPlatforms) = preSolution
		Debug|Any CPU = Debug|Any CPU
		Release|Any CPU = Release|Any CPU
	EndGlobalSection
	GlobalSection(ProjectConfigurationPlatforms) = postSolution
		{0003E91A-0BBC-4738-99E7-9B393FB95020}.Debug|Any CPU.ActiveCfg = Debug|Any CPU
		{0003E91A-0BBC-4738-99E7-9B393FB95020}.Debug|Any CPU.Build.0 = Debug|Any CPU
		{0003E91A-0BBC-4738-99E7-9B393FB95020}.Release|Any CPU.ActiveCfg = Release|Any CPU
		{0003E91A-0BBC-4738-99E7-9B393FB95020}.Release|Any CPU.Build.0 = Release|Any CPU
	EndGlobalSection
	GlobalSection(SolutionProperties) = preSolution
		HideSolutionNode = FALSE
	EndGlobalSection
	GlobalSection(ExtensibilityGlobals) = postSolution
		SolutionGuid = {BE6F79F3-A97D-4C88-BB40-0D110DC84455}
	EndGlobalSection
EndGlobal
